
Microsoft Visual Studio Solution File, Format Version 12.00
# Visual Studio Version 16
VisualStudioVersion = 16.0.30204.135
MinimumVisualStudioVersion = 10.0.40219.1
Project("{FAE04EC0-301F-11D3-BF4B-00C04F79EFBC}") = "Project2", "Project2.csproj", "{AA18EC3D-0703-47BB-9438-11518979CED1}"
EndProject
Global
	GlobalSection(SolutionConfigurationPlatforms) = preSolution
		Debug|Any CPU = Debug|Any CPU
		Release|Any CPU = Release|Any CPU
	EndGlobalSection
	GlobalSection(ProjectConfigurationPlatforms) = postSolution
		{AA18EC3D-0703-47BB-9438-11518979CED1}.Debug|Any CPU.ActiveCfg = Debug|Any CPU
		{AA18EC3D-0703-47BB-9438-11518979CED1}.Debug|Any CPU.Build.0 = Debug|Any CPU
		{AA18EC3D-0703-47BB-9438-11518979CED1}.Release|Any CPU.ActiveCfg = Release|Any CPU
		{AA18EC3D-0703-47BB-9438-11518979CED1}.Release|Any CPU.Build.0 = Release|Any CPU
	EndGlobalSection
	GlobalSection(SolutionProperties) = preSolution
		HideSolutionNode = FALSE
	EndGlobalSection
	GlobalSection(ExtensibilityGlobals) = postSolution
		SolutionGuid = {E6D4A6D4-A498-4C3A-8B40-8A7E787BDDC5}
	EndGlobalSection
EndGlobal
